
Microsoft Visual Studio Solution File, Format Version 12.00
# Visual Studio Version 17
VisualStudioVersion = 17.4.33205.214
MinimumVisualStudioVersion = 10.0.40219.1
Project("{FAE04EC0-301F-11D3-BF4B-00C04F79EFBC}") = "NativeAot", "NativeAot.csproj", "{00DCCB64-D848-4A62-8D6D-0BBE4530C5DA}"
EndProject
Global
	GlobalSection(SolutionConfigurationPlatforms) = preSolution
		Debug|x64 = Debug|x64
		Release|x64 = Release|x64
	EndGlobalSection
	GlobalSection(ProjectConfigurationPlatforms) = postSolution
		{00DCCB64-D848-4A62-8D6D-0BBE4530C5DA}.Debug|x64.ActiveCfg = Release|x64
		{00DCCB64-D848-4A62-8D6D-0BBE4530C5DA}.Debug|x64.Build.0 = Release|x64
		{00DCCB64-D848-4A62-8D6D-0BBE4530C5DA}.Release|x64.ActiveCfg = Release|x64
		{00DCCB64-D848-4A62-8D6D-0BBE4530C5DA}.Release|x64.Build.0 = Release|x64
	EndGlobalSection
	GlobalSection(SolutionProperties) = preSolution
		HideSolutionNode = FALSE
	EndGlobalSection
	GlobalSection(ExtensibilityGlobals) = postSolution
		SolutionGuid = {4B4D074B-FAB3-409D-A699-E55E251A1F4A}
	EndGlobalSection
EndGlobal
